// !$*UTF8*$!
{
	archiveVersion = 1;
	classes = {
	};
	objectVersion = 46;
	objects = {

/* Begin PBXBuildFile section */
		F4EBF8751E53395E00BB8153 /* main.m in Sources */ = {isa = PBXBuildFile; fileRef = F4EBF8741E53395E00BB8153 /* main.m */; };
		F4EBF8781E53395E00BB8153 /* AppDelegate.m in Sources */ = {isa = PBXBuildFile; fileRef = F4EBF8771E53395E00BB8153 /* AppDelegate.m */; };
		F4EBF87B1E53395E00BB8153 /* ViewController.m in Sources */ = {isa = PBXBuildFile; fileRef = F4EBF87A1E53395E00BB8153 /* ViewController.m */; };
		F4EBF87E1E53395E00BB8153 /* Main.storyboard in Resources */ = {isa = PBXBuildFile; fileRef = F4EBF87C1E53395E00BB8153 /* Main.storyboard */; };
		F4EBF8811E53395E00BB8153 /* Frameworktest.xcdatamodeld in Sources */ = {isa = PBXBuildFile; fileRef = F4EBF87F1E53395E00BB8153 /* Frameworktest.xcdatamodeld */; };
		F4EBF8831E53395E00BB8153 /* Assets.xcassets in Resources */ = {isa = PBXBuildFile; fileRef = F4EBF8821E53395E00BB8153 /* Assets.xcassets */; };
		F4EBF8861E53395E00BB8153 /* LaunchScreen.storyboard in Resources */ = {isa = PBXBuildFile; fileRef = F4EBF8841E53395E00BB8153 /* LaunchScreen.storyboard */; };
		F4EBF8901E533D7500BB8153 /* SmartPesa_mPOS.framework in Frameworks */ = {isa = PBXBuildFile; fileRef = F4EBF88D1E53396800BB8153 /* SmartPesa_mPOS.framework */; };
		F4EBF8911E533D7500BB8153 /* SmartPesa_mPOS.framework in Embed Frameworks */ = {isa = PBXBuildFile; fileRef = F4EBF88D1E53396800BB8153 /* SmartPesa_mPOS.framework */; settings = {ATTRIBUTES = (CodeSignOnCopy, RemoveHeadersOnCopy, ); }; };
		F4EBF8981E57F41800BB8153 /* LoginViewController.m in Sources */ = {isa = PBXBuildFile; fileRef = F4EBF8971E57F41800BB8153 /* LoginViewController.m */; };
		F4EBF8A01E57F9C400BB8153 /* PaymentViewController.m in Sources */ = {isa = PBXBuildFile; fileRef = F4EBF89F1E57F9C400BB8153 /* PaymentViewController.m */; };
		F4EBF8A41E57FA6300BB8153 /* TransactionDetailCell.m in Sources */ = {isa = PBXBuildFile; fileRef = F4EBF8A21E57FA6300BB8153 /* TransactionDetailCell.m */; };
		F4EBF8A51E57FA6300BB8153 /* TransactionDetailCell.xib in Resources */ = {isa = PBXBuildFile; fileRef = F4EBF8A31E57FA6300BB8153 /* TransactionDetailCell.xib */; };
		F4EBF8A81E57FA8000BB8153 /* TransactionViewController.mm in Sources */ = {isa = PBXBuildFile; fileRef = F4EBF8A71E57FA8000BB8153 /* TransactionViewController.mm */; };
/* End PBXBuildFile section */

/* Begin PBXCopyFilesBuildPhase section */
		F4EBF8921E533D7500BB8153 /* Embed Frameworks */ = {
			isa = PBXCopyFilesBuildPhase;
			buildActionMask = 2147483647;
			dstPath = "";
			dstSubfolderSpec = 10;
			files = (
				F4EBF8911E533D7500BB8153 /* SmartPesa_mPOS.framework in Embed Frameworks */,
			);
			name = "Embed Frameworks";
			runOnlyForDeploymentPostprocessing = 0;
		};
/* End PBXCopyFilesBuildPhase section */

/* Begin PBXFileReference section */
		F4EBF8701E53395E00BB8153 /* Frameworktest.app */ = {isa = PBXFileReference; explicitFileType = wrapper.application; includeInIndex = 0; path = Frameworktest.app; sourceTree = BUILT_PRODUCTS_DIR; };
		F4EBF8741E53395E00BB8153 /* main.m */ = {isa = PBXFileReference; lastKnownFileType = sourcecode.c.objc; path = main.m; sourceTree = "<group>"; };
		F4EBF8761E53395E00BB8153 /* AppDelegate.h */ = {isa = PBXFileReference; lastKnownFileType = sourcecode.c.h; path = AppDelegate.h; sourceTree = "<group>"; };
		F4EBF8771E53395E00BB8153 /* AppDelegate.m */ = {isa = PBXFileReference; lastKnownFileType = sourcecode.c.objc; path = AppDelegate.m; sourceTree = "<group>"; };
		F4EBF8791E53395E00BB8153 /* ViewController.h */ = {isa = PBXFileReference; lastKnownFileType = sourcecode.c.h; path = ViewController.h; sourceTree = "<group>"; };
		F4EBF87A1E53395E00BB8153 /* ViewController.m */ = {isa = PBXFileReference; lastKnownFileType = sourcecode.c.objc; path = ViewController.m; sourceTree = "<group>"; };
		F4EBF87D1E53395E00BB8153 /* Base */ = {isa = PBXFileReference; lastKnownFileType = file.storyboard; name = Base; path = Base.lproj/Main.storyboard; sourceTree = "<group>"; };
		F4EBF8801E53395E00BB8153 /* Frameworktest.xcdatamodel */ = {isa = PBXFileReference; lastKnownFileType = wrapper.xcdatamodel; path = Frameworktest.xcdatamodel; sourceTree = "<group>"; };
		F4EBF8821E53395E00BB8153 /* Assets.xcassets */ = {isa = PBXFileReference; lastKnownFileType = folder.assetcatalog; path = Assets.xcassets; sourceTree = "<group>"; };
		F4EBF8851E53395E00BB8153 /* Base */ = {isa = PBXFileReference; lastKnownFileType = file.storyboard; name = Base; path = Base.lproj/LaunchScreen.storyboard; sourceTree = "<group>"; };
		F4EBF8871E53395E00BB8153 /* Info.plist */ = {isa = PBXFileReference; lastKnownFileType = text.plist.xml; path = Info.plist; sourceTree = "<group>"; };
		F4EBF88D1E53396800BB8153 /* SmartPesa_mPOS.framework */ = {isa = PBXFileReference; lastKnownFileType = wrapper.framework; path = SmartPesa_mPOS.framework; sourceTree = "<group>"; };
		F4EBF8961E57F41800BB8153 /* LoginViewController.h */ = {isa = PBXFileReference; fileEncoding = 4; lastKnownFileType = sourcecode.c.h; path = LoginViewController.h; sourceTree = "<group>"; };
		F4EBF8971E57F41800BB8153 /* LoginViewController.m */ = {isa = PBXFileReference; fileEncoding = 4; lastKnownFileType = sourcecode.c.objc; path = LoginViewController.m; sourceTree = "<group>"; };
		F4EBF89E1E57F9C400BB8153 /* PaymentViewController.h */ = {isa = PBXFileReference; fileEncoding = 4; lastKnownFileType = sourcecode.c.h; path = PaymentViewController.h; sourceTree = "<group>"; };
		F4EBF89F1E57F9C400BB8153 /* PaymentViewController.m */ = {isa = PBXFileReference; fileEncoding = 4; lastKnownFileType = sourcecode.c.objc; path = PaymentViewController.m; sourceTree = "<group>"; };
		F4EBF8A11E57FA6300BB8153 /* TransactionDetailCell.h */ = {isa = PBXFileReference; fileEncoding = 4; lastKnownFileType = sourcecode.c.h; path = TransactionDetailCell.h; sourceTree = "<group>"; };
		F4EBF8A21E57FA6300BB8153 /* TransactionDetailCell.m */ = {isa = PBXFileReference; fileEncoding = 4; lastKnownFileType = sourcecode.c.objc; path = TransactionDetailCell.m; sourceTree = "<group>"; };
		F4EBF8A31E57FA6300BB8153 /* TransactionDetailCell.xib */ = {isa = PBXFileReference; fileEncoding = 4; lastKnownFileType = file.xib; path = TransactionDetailCell.xib; sourceTree = "<group>"; };
		F4EBF8A61E57FA8000BB8153 /* TransactionViewController.h */ = {isa = PBXFileReference; fileEncoding = 4; lastKnownFileType = sourcecode.c.h; path = TransactionViewController.h; sourceTree = "<group>"; };
		F4EBF8A71E57FA8000BB8153 /* TransactionViewController.mm */ = {isa = PBXFileReference; fileEncoding = 4; lastKnownFileType = sourcecode.cpp.objcpp; path = TransactionViewController.mm; sourceTree = "<group>"; };
/* End PBXFileReference section */

/* Begin PBXFrameworksBuildPhase section */
		F4EBF86D1E53395E00BB8153 /* Frameworks */ = {
			isa = PBXFrameworksBuildPhase;
			buildActionMask = 2147483647;
			files = (
				F4EBF8901E533D7500BB8153 /* SmartPesa_mPOS.framework in Frameworks */,
			);
			runOnlyForDeploymentPostprocessing = 0;
		};
/* End PBXFrameworksBuildPhase section */

/* Begin PBXGroup section */
		F4EBF8671E53395E00BB8153 = {
			isa = PBXGroup;
			children = (
				F4EBF88D1E53396800BB8153 /* SmartPesa_mPOS.framework */,
				F4EBF8721E53395E00BB8153 /* Frameworktest */,
				F4EBF8711E53395E00BB8153 /* Products */,
			);
			sourceTree = "<group>";
		};
		F4EBF8711E53395E00BB8153 /* Products */ = {
			isa = PBXGroup;
			children = (
				F4EBF8701E53395E00BB8153 /* Frameworktest.app */,
			);
			name = Products;
			sourceTree = "<group>";
		};
		F4EBF8721E53395E00BB8153 /* Frameworktest */ = {
			isa = PBXGroup;
			children = (
				F4EBF8A11E57FA6300BB8153 /* TransactionDetailCell.h */,
				F4EBF8A21E57FA6300BB8153 /* TransactionDetailCell.m */,
				F4EBF8A31E57FA6300BB8153 /* TransactionDetailCell.xib */,
				F4EBF8761E53395E00BB8153 /* AppDelegate.h */,
				F4EBF8771E53395E00BB8153 /* AppDelegate.m */,
				F4EBF8791E53395E00BB8153 /* ViewController.h */,
				F4EBF87A1E53395E00BB8153 /* ViewController.m */,
				F4EBF8961E57F41800BB8153 /* LoginViewController.h */,
				F4EBF8971E57F41800BB8153 /* LoginViewController.m */,
				F4EBF89E1E57F9C400BB8153 /* PaymentViewController.h */,
				F4EBF89F1E57F9C400BB8153 /* PaymentViewController.m */,
				F4EBF8A61E57FA8000BB8153 /* TransactionViewController.h */,
				F4EBF8A71E57FA8000BB8153 /* TransactionViewController.mm */,
				F4EBF87C1E53395E00BB8153 /* Main.storyboard */,
				F4EBF8821E53395E00BB8153 /* Assets.xcassets */,
				F4EBF8841E53395E00BB8153 /* LaunchScreen.storyboard */,
				F4EBF8871E53395E00BB8153 /* Info.plist */,
				F4EBF87F1E53395E00BB8153 /* Frameworktest.xcdatamodeld */,
				F4EBF8731E53395E00BB8153 /* Supporting Files */,
			);
			path = Frameworktest;
			sourceTree = "<group>";
		};
		F4EBF8731E53395E00BB8153 /* Supporting Files */ = {
			isa = PBXGroup;
			children = (
				F4EBF8741E53395E00BB8153 /* main.m */,
			);
			name = "Supporting Files";
			sourceTree = "<group>";
		};
/* End PBXGroup section */

/* Begin PBXNativeTarget section */
		F4EBF86F1E53395E00BB8153 /* Frameworktest */ = {
			isa = PBXNativeTarget;
			buildConfigurationList = F4EBF88A1E53395E00BB8153 /* Build configuration list for PBXNativeTarget "Frameworktest" */;
			buildPhases = (
				F4EBF86C1E53395E00BB8153 /* Sources */,
				F4EBF86D1E53395E00BB8153 /* Frameworks */,
				F4EBF86E1E53395E00BB8153 /* Resources */,
				F4EBF8921E533D7500BB8153 /* Embed Frameworks */,
			);
			buildRules = (
			);
			dependencies = (
			);
			name = Frameworktest;
			productName = Frameworktest;
			productReference = F4EBF8701E53395E00BB8153 /* Frameworktest.app */;
			productType = "com.apple.product-type.application";
		};
/* End PBXNativeTarget section */

/* Begin PBXProject section */
		F4EBF8681E53395E00BB8153 /* Project object */ = {
			isa = PBXProject;
			attributes = {
				LastUpgradeCheck = 0820;
				ORGANIZATIONNAME = Arun;
				TargetAttributes = {
					F4EBF86F1E53395E00BB8153 = {
						CreatedOnToolsVersion = 8.2.1;
						DevelopmentTeam = KZYW55325X;
						ProvisioningStyle = Automatic;
					};
				};
			};
			buildConfigurationList = F4EBF86B1E53395E00BB8153 /* Build configuration list for PBXProject "Frameworktest" */;
			compatibilityVersion = "Xcode 3.2";
			developmentRegion = English;
			hasScannedForEncodings = 0;
			knownRegions = (
				en,
				Base,
			);
			mainGroup = F4EBF8671E53395E00BB8153;
			productRefGroup = F4EBF8711E53395E00BB8153 /* Products */;
			projectDirPath = "";
			projectRoot = "";
			targets = (
				F4EBF86F1E53395E00BB8153 /* Frameworktest */,
			);
		};
/* End PBXProject section */

/* Begin PBXResourcesBuildPhase section */
		F4EBF86E1E53395E00BB8153 /* Resources */ = {
			isa = PBXResourcesBuildPhase;
			buildActionMask = 2147483647;
			files = (
				F4EBF8861E53395E00BB8153 /* LaunchScreen.storyboard in Resources */,
				F4EBF8831E53395E00BB8153 /* Assets.xcassets in Resources */,
				F4EBF87E1E53395E00BB8153 /* Main.storyboard in Resources */,
				F4EBF8A51E57FA6300BB8153 /* TransactionDetailCell.xib in Resources */,
			);
			runOnlyForDeploymentPostprocessing = 0;
		};
/* End PBXResourcesBuildPhase section */

/* Begin PBXSourcesBuildPhase section */
		F4EBF86C1E53395E00BB8153 /* Sources */ = {
			isa = PBXSourcesBuildPhase;
			buildActionMask = 2147483647;
			files = (
				F4EBF8811E53395E00BB8153 /* Frameworktest.xcdatamodeld in Sources */,
				F4EBF8A81E57FA8000BB8153 /* TransactionViewController.mm in Sources */,
				F4EBF87B1E53395E00BB8153 /* ViewController.m in Sources */,
				F4EBF8781E53395E00BB8153 /* AppDelegate.m in Sources */,
				F4EBF8751E53395E00BB8153 /* main.m in Sources */,
				F4EBF8A41E57FA6300BB8153 /* TransactionDetailCell.m in Sources */,
				F4EBF8981E57F41800BB8153 /* LoginViewController.m in Sources */,
				F4EBF8A01E57F9C400BB8153 /* PaymentViewController.m in Sources */,
			);
			runOnlyForDeploymentPostprocessing = 0;
		};
/* End PBXSourcesBuildPhase section */

/* Begin PBXVariantGroup section */
		F4EBF87C1E53395E00BB8153 /* Main.storyboard */ = {
			isa = PBXVariantGroup;
			children = (
				F4EBF87D1E53395E00BB8153 /* Base */,
			);
			name = Main.storyboard;
			sourceTree = "<group>";
		};
		F4EBF8841E53395E00BB8153 /* LaunchScreen.storyboard */ = {
			isa = PBXVariantGroup;
			children = (
				F4EBF8851E53395E00BB8153 /* Base */,
			);
			name = LaunchScreen.storyboard;
			sourceTree = "<group>";
		};
/* End PBXVariantGroup section */

/* Begin XCBuildConfiguration section */
		F4EBF8881E53395E00BB8153 /* Debug */ = {
			isa = XCBuildConfiguration;
			buildSettings = {
				ALWAYS_SEARCH_USER_PATHS = NO;
				CLANG_ANALYZER_NONNULL = YES;
				CLANG_CXX_LANGUAGE_STANDARD = "gnu++0x";
				CLANG_CXX_LIBRARY = "libc++";
				CLANG_ENABLE_MODULES = YES;
				CLANG_ENABLE_OBJC_ARC = YES;
				CLANG_WARN_BOOL_CONVERSION = YES;
				CLANG_WARN_CONSTANT_CONVERSION = YES;
				CLANG_WARN_DIRECT_OBJC_ISA_USAGE = YES_ERROR;
				CLANG_WARN_DOCUMENTATION_COMMENTS = YES;
				CLANG_WARN_EMPTY_BODY = YES;
				CLANG_WARN_ENUM_CONVERSION = YES;
				CLANG_WARN_INFINITE_RECURSION = YES;
				CLANG_WARN_INT_CONVERSION = YES;
				CLANG_WARN_OBJC_ROOT_CLASS = YES_ERROR;
				CLANG_WARN_SUSPICIOUS_MOVE = YES;
				CLANG_WARN_UNREACHABLE_CODE = YES;
				CLANG_WARN__DUPLICATE_METHOD_MATCH = YES;
				"CODE_SIGN_IDENTITY[sdk=iphoneos*]" = "iPhone Developer";
				COPY_PHASE_STRIP = NO;
				DEBUG_INFORMATION_FORMAT = dwarf;
				ENABLE_STRICT_OBJC_MSGSEND = YES;
				ENABLE_TESTABILITY = YES;
				GCC_C_LANGUAGE_STANDARD = gnu99;
				GCC_DYNAMIC_NO_PIC = NO;
				GCC_NO_COMMON_BLOCKS = YES;
				GCC_OPTIMIZATION_LEVEL = 0;
				GCC_PREPROCESSOR_DEFINITIONS = (
					"DEBUG=1",
					"$(inherited)",
				);
				GCC_WARN_64_TO_32_BIT_CONVERSION = YES;
				GCC_WARN_ABOUT_RETURN_TYPE = YES_ERROR;
				GCC_WARN_UNDECLARED_SELECTOR = YES;
				GCC_WARN_UNINITIALIZED_AUTOS = YES_AGGRESSIVE;
				GCC_WARN_UNUSED_FUNCTION = YES;
				GCC_WARN_UNUSED_VARIABLE = YES;
				IPHONEOS_DEPLOYMENT_TARGET = 10.2;
				MTL_ENABLE_DEBUG_INFO = YES;
				ONLY_ACTIVE_ARCH = YES;
				SDKROOT = iphoneos;
				TARGETED_DEVICE_FAMILY = "1,2";
			};
			name = Debug;
		};
		F4EBF8891E53395E00BB8153 /* Release */ = {
			isa = XCBuildConfiguration;
			buildSettings = {
				ALWAYS_SEARCH_USER_PATHS = NO;
				CLANG_ANALYZER_NONNULL = YES;
				CLANG_CXX_LANGUAGE_STANDARD = "gnu++0x";
				CLANG_CXX_LIBRARY = "libc++";
				CLANG_ENABLE_MODULES = YES;
				CLANG_ENABLE_OBJC_ARC = YES;
				CLANG_WARN_BOOL_CONVERSION = YES;
				CLANG_WARN_CONSTANT_CONVERSION = YES;
				CLANG_WARN_DIRECT_OBJC_ISA_USAGE = YES_ERROR;
				CLANG_WARN_DOCUMENTATION_COMMENTS = YES;
				CLANG_WARN_EMPTY_BODY = YES;
				CLANG_WARN_ENUM_CONVERSION = YES;
				CLANG_WARN_INFINITE_RECURSION = YES;
				CLANG_WARN_INT_CONVERSION = YES;
				CLANG_WARN_OBJC_ROOT_CLASS = YES_ERROR;
				CLANG_WARN_SUSPICIOUS_MOVE = YES;
				CLANG_WARN_UNREACHABLE_CODE = YES;
				CLANG_WARN__DUPLICATE_METHOD_MATCH = YES;
				"CODE_SIGN_IDENTITY[sdk=iphoneos*]" = "iPhone Developer";
				COPY_PHASE_STRIP = NO;
				DEBUG_INFORMATION_FORMAT = "dwarf-with-dsym";
				ENABLE_NS_ASSERTIONS = NO;
				ENABLE_STRICT_OBJC_MSGSEND = YES;
				GCC_C_LANGUAGE_STANDARD = gnu99;
				GCC_NO_COMMON_BLOCKS = YES;
				GCC_WARN_64_TO_32_BIT_CONVERSION = YES;
				GCC_WARN_ABOUT_RETURN_TYPE = YES_ERROR;
				GCC_WARN_UNDECLARED_SELECTOR = YES;
				GCC_WARN_UNINITIALIZED_AUTOS = YES_AGGRESSIVE;
				GCC_WARN_UNUSED_FUNCTION = YES;
				GCC_WARN_UNUSED_VARIABLE = YES;
				IPHONEOS_DEPLOYMENT_TARGET = 10.2;
				MTL_ENABLE_DEBUG_INFO = NO;
				SDKROOT = iphoneos;
				TARGETED_DEVICE_FAMILY = "1,2";
				VALIDATE_PRODUCT = YES;
			};
			name = Release;
		};
		F4EBF88B1E53395E00BB8153 /* Debug */ = {
			isa = XCBuildConfiguration;
			buildSettings = {
				ASSETCATALOG_COMPILER_APPICON_NAME = AppIcon;
				"CODE_SIGN_IDENTITY[sdk=iphoneos*]" = "iPhone Developer";
				DEVELOPMENT_TEAM = KZYW55325X;
				FRAMEWORK_SEARCH_PATHS = (
					"$(inherited)",
					"$(PROJECT_DIR)",
				);
				INFOPLIST_FILE = Frameworktest/Info.plist;
				LD_RUNPATH_SEARCH_PATHS = "$(inherited) @executable_path/Frameworks";
				PRODUCT_BUNDLE_IDENTIFIER = com.smartpesa.demo;
				PRODUCT_NAME = "$(TARGET_NAME)";
				PROVISIONING_PROFILE = "";
				PROVISIONING_PROFILE_SPECIFIER = "";
			};
			name = Debug;
		};
		F4EBF88C1E53395E00BB8153 /* Release */ = {
			isa = XCBuildConfiguration;
			buildSettings = {
				ASSETCATALOG_COMPILER_APPICON_NAME = AppIcon;
				CODE_SIGN_IDENTITY = "iPhone Distribution";
				"CODE_SIGN_IDENTITY[sdk=iphoneos*]" = "iPhone Developer";
				DEVELOPMENT_TEAM = KZYW55325X;
				FRAMEWORK_SEARCH_PATHS = (
					"$(inherited)",
					"$(PROJECT_DIR)",
				);
				INFOPLIST_FILE = Frameworktest/Info.plist;
				LD_RUNPATH_SEARCH_PATHS = "$(inherited) @executable_path/Frameworks";
				PRODUCT_BUNDLE_IDENTIFIER = com.smartpesa.demo;
				PRODUCT_NAME = "$(TARGET_NAME)";
			};
			name = Release;
		};
/* End XCBuildConfiguration section */

/* Begin XCConfigurationList section */
		F4EBF86B1E53395E00BB8153 /* Build configuration list for PBXProject "Frameworktest" */ = {
			isa = XCConfigurationList;
			buildConfigurations = (
				F4EBF8881E53395E00BB8153 /* Debug */,
				F4EBF8891E53395E00BB8153 /* Release */,
			);
			defaultConfigurationIsVisible = 0;
			defaultConfigurationName = Release;
		};
		F4EBF88A1E53395E00BB8153 /* Build configuration list for PBXNativeTarget "Frameworktest" */ = {
			isa = XCConfigurationList;
			buildConfigurations = (
				F4EBF88B1E53395E00BB8153 /* Debug */,
				F4EBF88C1E53395E00BB8153 /* Release */,
			);
			defaultConfigurationIsVisible = 0;
			defaultConfigurationName = Release;
		};
/* End XCConfigurationList section */

/* Begin XCVersionGroup section */
		F4EBF87F1E53395E00BB8153 /* Frameworktest.xcdatamodeld */ = {
			isa = XCVersionGroup;
			children = (
				F4EBF8801E53395E00BB8153 /* Frameworktest.xcdatamodel */,
			);
			currentVersion = F4EBF8801E53395E00BB8153 /* Frameworktest.xcdatamodel */;
			path = Frameworktest.xcdatamodeld;
			sourceTree = "<group>";
			versionGroupType = wrapper.xcdatamodel;
		};
/* End XCVersionGroup section */
	};
	rootObject = F4EBF8681E53395E00BB8153 /* Project object */;
}
